
Microsoft Visual Studio Solution File, Format Version 12.00
# Visual Studio Version 16
VisualStudioVersion = 16.0.32413.511
MinimumVisualStudioVersion = 10.0.40219.1
Project("{FAE04EC0-301F-11D3-BF4B-00C04F79EFBC}") = "Mini ATM", "Mini ATM\Mini ATM.csproj", "{59C3392F-B5D4-49EC-9ED1-E5E3E1786E1C}"
EndProject
Global
	GlobalSection(SolutionConfigurationPlatforms) = preSolution
		Debug|Any CPU = Debug|Any CPU
		Release|Any CPU = Release|Any CPU
	EndGlobalSection
	GlobalSection(ProjectConfigurationPlatforms) = postSolution
		{59C3392F-B5D4-49EC-9ED1-E5E3E1786E1C}.Debug|Any CPU.ActiveCfg = Debug|Any CPU
		{59C3392F-B5D4-49EC-9ED1-E5E3E1786E1C}.Debug|Any CPU.Build.0 = Debug|Any CPU
		{59C3392F-B5D4-49EC-9ED1-E5E3E1786E1C}.Release|Any CPU.ActiveCfg = Release|Any CPU
		{59C3392F-B5D4-49EC-9ED1-E5E3E1786E1C}.Release|Any CPU.Build.0 = Release|Any CPU
	EndGlobalSection
	GlobalSection(SolutionProperties) = preSolution
		HideSolutionNode = FALSE
	EndGlobalSection
	GlobalSection(ExtensibilityGlobals) = postSolution
		SolutionGuid = {7835253F-6891-458F-84FB-EF7DFEC63504}
	EndGlobalSection
EndGlobal
